
Microsoft Visual Studio Solution File, Format Version 12.00
# Visual Studio Version 17
VisualStudioVersion = 17.0.31903.59
MinimumVisualStudioVersion = 10.0.40219.1
Project("{FAE04EC0-301F-11D3-BF4B-00C04F79EFBC}") = "NotificationCenter.Domain", "NotificationCenter.Domain\NotificationCenter.Domain.csproj", "{EC1AAB1A-BAEF-45D2-A774-36CC1FAE6D30}"
EndProject
Project("{FAE04EC0-301F-11D3-BF4B-00C04F79EFBC}") = "NotificationCenter.Application", "NotificationCenter.Application\NotificationCenter.Application.csproj", "{FB80E134-B1D3-4C33-95F4-934E4876D696}"
EndProject
Project("{FAE04EC0-301F-11D3-BF4B-00C04F79EFBC}") = "NotificationCenter.Infrastructure", "NotificationCenter.Infrastructure\NotificationCenter.Infrastructure.csproj", "{CF41F120-8D69-44BE-8BAE-F953763E430C}"
EndProject
Project("{FAE04EC0-301F-11D3-BF4B-00C04F79EFBC}") = "NotificationCenter.API", "NotificationCenter.API\NotificationCenter.API.csproj", "{7ABA5FE2-75FB-4851-B48D-47214DA4B5A4}"
EndProject
Project("{FAE04EC0-301F-11D3-BF4B-00C04F79EFBC}") = "SimpleAddNotificationConsoleAppBackend", "SimpleAddNotificationConsoleAppBackend\SimpleAddNotificationConsoleAppBackend.csproj", "{6EF21BD2-7EDF-4FD6-9749-1D5D444F9E99}"
EndProject
Global
	GlobalSection(SolutionConfigurationPlatforms) = preSolution
		Debug|Any CPU = Debug|Any CPU
		Release|Any CPU = Release|Any CPU
	EndGlobalSection
	GlobalSection(ProjectConfigurationPlatforms) = postSolution
		{EC1AAB1A-BAEF-45D2-A774-36CC1FAE6D30}.Debug|Any CPU.ActiveCfg = Debug|Any CPU
		{EC1AAB1A-BAEF-45D2-A774-36CC1FAE6D30}.Debug|Any CPU.Build.0 = Debug|Any CPU
		{EC1AAB1A-BAEF-45D2-A774-36CC1FAE6D30}.Release|Any CPU.ActiveCfg = Release|Any CPU
		{EC1AAB1A-BAEF-45D2-A774-36CC1FAE6D30}.Release|Any CPU.Build.0 = Release|Any CPU
		{FB80E134-B1D3-4C33-95F4-934E4876D696}.Debug|Any CPU.ActiveCfg = Debug|Any CPU
		{FB80E134-B1D3-4C33-95F4-934E4876D696}.Debug|Any CPU.Build.0 = Debug|Any CPU
		{FB80E134-B1D3-4C33-95F4-934E4876D696}.Release|Any CPU.ActiveCfg = Release|Any CPU
		{FB80E134-B1D3-4C33-95F4-934E4876D696}.Release|Any CPU.Build.0 = Release|Any CPU
		{CF41F120-8D69-44BE-8BAE-F953763E430C}.Debug|Any CPU.ActiveCfg = Debug|Any CPU
		{CF41F120-8D69-44BE-8BAE-F953763E430C}.Debug|Any CPU.Build.0 = Debug|Any CPU
		{CF41F120-8D69-44BE-8BAE-F953763E430C}.Release|Any CPU.ActiveCfg = Release|Any CPU
		{CF41F120-8D69-44BE-8BAE-F953763E430C}.Release|Any CPU.Build.0 = Release|Any CPU
		{7ABA5FE2-75FB-4851-B48D-47214DA4B5A4}.Debug|Any CPU.ActiveCfg = Debug|Any CPU
		{7ABA5FE2-75FB-4851-B48D-47214DA4B5A4}.Debug|Any CPU.Build.0 = Debug|Any CPU
		{7ABA5FE2-75FB-4851-B48D-47214DA4B5A4}.Release|Any CPU.ActiveCfg = Release|Any CPU
		{7ABA5FE2-75FB-4851-B48D-47214DA4B5A4}.Release|Any CPU.Build.0 = Release|Any CPU
		{6EF21BD2-7EDF-4FD6-9749-1D5D444F9E99}.Debug|Any CPU.ActiveCfg = Debug|Any CPU
		{6EF21BD2-7EDF-4FD6-9749-1D5D444F9E99}.Debug|Any CPU.Build.0 = Debug|Any CPU
		{6EF21BD2-7EDF-4FD6-9749-1D5D444F9E99}.Release|Any CPU.ActiveCfg = Release|Any CPU
		{6EF21BD2-7EDF-4FD6-9749-1D5D444F9E99}.Release|Any CPU.Build.0 = Release|Any CPU
	EndGlobalSection
	GlobalSection(SolutionProperties) = preSolution
		HideSolutionNode = FALSE
	EndGlobalSection
EndGlobal
